
Microsoft Visual Studio Solution File, Format Version 12.00
# Visual Studio 15
VisualStudioVersion = 15.0.28307.329
MinimumVisualStudioVersion = 10.0.40219.1
Project("{FAE04EC0-301F-11D3-BF4B-00C04F79EFBC}") = "pictureViewer_winform", "pictureViewer_winform\pictureViewer_winform.csproj", "{21191EAC-A3C3-4198-8E86-26B5A6A979B4}"
EndProject
Global
	GlobalSection(SolutionConfigurationPlatforms) = preSolution
		Debug|Any CPU = Debug|Any CPU
		Release|Any CPU = Release|Any CPU
	EndGlobalSection
	GlobalSection(ProjectConfigurationPlatforms) = postSolution
		{21191EAC-A3C3-4198-8E86-26B5A6A979B4}.Debug|Any CPU.ActiveCfg = Debug|Any CPU
		{21191EAC-A3C3-4198-8E86-26B5A6A979B4}.Debug|Any CPU.Build.0 = Debug|Any CPU
		{21191EAC-A3C3-4198-8E86-26B5A6A979B4}.Release|Any CPU.ActiveCfg = Release|Any CPU
		{21191EAC-A3C3-4198-8E86-26B5A6A979B4}.Release|Any CPU.Build.0 = Release|Any CPU
	EndGlobalSection
	GlobalSection(SolutionProperties) = preSolution
		HideSolutionNode = FALSE
	EndGlobalSection
	GlobalSection(ExtensibilityGlobals) = postSolution
		SolutionGuid = {89C3032D-4334-474C-B166-AAB8AA68599D}
	EndGlobalSection
EndGlobal
